
Microsoft Visual Studio Solution File, Format Version 12.00
# Visual Studio 2017
Project("{FAE04EC0-301F-11D3-BF4B-00C04F79EFBC}") = "APP09-LeapMotion", "APP09-LeapMotion.csproj", "{83FDA620-521B-DBAA-C4A8-A1901B4824E2}"
EndProject
Project("{FAE04EC0-301F-11D3-BF4B-00C04F79EFBC}") = "APP09-LeapMotion.Editor", "APP09-LeapMotion.Editor.csproj", "{128DF220-E99C-D330-94DB-9BE1B140A6C6}"
EndProject
Global
	GlobalSection(SolutionConfigurationPlatforms) = preSolution
		Debug|Any CPU = Debug|Any CPU
		Release|Any CPU = Release|Any CPU
	EndGlobalSection
	GlobalSection(ProjectConfigurationPlatforms) = postSolution
		{83FDA620-521B-DBAA-C4A8-A1901B4824E2}.Debug|Any CPU.ActiveCfg = Debug|Any CPU
		{83FDA620-521B-DBAA-C4A8-A1901B4824E2}.Debug|Any CPU.Build.0 = Debug|Any CPU
		{83FDA620-521B-DBAA-C4A8-A1901B4824E2}.Release|Any CPU.ActiveCfg = Release|Any CPU
		{83FDA620-521B-DBAA-C4A8-A1901B4824E2}.Release|Any CPU.Build.0 = Release|Any CPU
		{128DF220-E99C-D330-94DB-9BE1B140A6C6}.Debug|Any CPU.ActiveCfg = Debug|Any CPU
		{128DF220-E99C-D330-94DB-9BE1B140A6C6}.Debug|Any CPU.Build.0 = Debug|Any CPU
		{128DF220-E99C-D330-94DB-9BE1B140A6C6}.Release|Any CPU.ActiveCfg = Release|Any CPU
		{128DF220-E99C-D330-94DB-9BE1B140A6C6}.Release|Any CPU.Build.0 = Release|Any CPU
	EndGlobalSection
	GlobalSection(SolutionProperties) = preSolution
		HideSolutionNode = FALSE
	EndGlobalSection
EndGlobal
